
Microsoft Visual Studio Solution File, Format Version 12.00
# Visual Studio 15
VisualStudioVersion = 15.0.28307.421
MinimumVisualStudioVersion = 10.0.40219.1
Project("{FAE04EC0-301F-11D3-BF4B-00C04F79EFBC}") = "DBUtils", "DBUtils\DBUtils.csproj", "{2735C8EC-0C00-40FC-852B-46C82EB5389B}"
EndProject
Project("{FAE04EC0-301F-11D3-BF4B-00C04F79EFBC}") = "Common", "Common\Common.csproj", "{C520555C-AD29-4E47-987E-C5B831D05157}"
EndProject
Project("{FAE04EC0-301F-11D3-BF4B-00C04F79EFBC}") = "Server", "Server\Server.csproj", "{FAA82821-8D6B-4E2C-AE58-56E88063C6B1}"
EndProject
Global
	GlobalSection(SolutionConfigurationPlatforms) = preSolution
		Debug|Any CPU = Debug|Any CPU
		Release|Any CPU = Release|Any CPU
	EndGlobalSection
	GlobalSection(ProjectConfigurationPlatforms) = postSolution
		{2735C8EC-0C00-40FC-852B-46C82EB5389B}.Debug|Any CPU.ActiveCfg = Debug|Any CPU
		{2735C8EC-0C00-40FC-852B-46C82EB5389B}.Debug|Any CPU.Build.0 = Debug|Any CPU
		{2735C8EC-0C00-40FC-852B-46C82EB5389B}.Release|Any CPU.ActiveCfg = Release|Any CPU
		{2735C8EC-0C00-40FC-852B-46C82EB5389B}.Release|Any CPU.Build.0 = Release|Any CPU
		{C520555C-AD29-4E47-987E-C5B831D05157}.Debug|Any CPU.ActiveCfg = Debug|Any CPU
		{C520555C-AD29-4E47-987E-C5B831D05157}.Debug|Any CPU.Build.0 = Debug|Any CPU
		{C520555C-AD29-4E47-987E-C5B831D05157}.Release|Any CPU.ActiveCfg = Release|Any CPU
		{C520555C-AD29-4E47-987E-C5B831D05157}.Release|Any CPU.Build.0 = Release|Any CPU
		{FAA82821-8D6B-4E2C-AE58-56E88063C6B1}.Debug|Any CPU.ActiveCfg = Debug|Any CPU
		{FAA82821-8D6B-4E2C-AE58-56E88063C6B1}.Debug|Any CPU.Build.0 = Debug|Any CPU
		{FAA82821-8D6B-4E2C-AE58-56E88063C6B1}.Release|Any CPU.ActiveCfg = Release|Any CPU
		{FAA82821-8D6B-4E2C-AE58-56E88063C6B1}.Release|Any CPU.Build.0 = Release|Any CPU
	EndGlobalSection
	GlobalSection(SolutionProperties) = preSolution
		HideSolutionNode = FALSE
	EndGlobalSection
	GlobalSection(ExtensibilityGlobals) = postSolution
		SolutionGuid = {4C7E801A-0E55-4F4C-9A9E-2711C40A70AB}
	EndGlobalSection
EndGlobal
