
Microsoft Visual Studio Solution File, Format Version 12.00
# Visual Studio 15
VisualStudioVersion = 15.0.28307.421
MinimumVisualStudioVersion = 10.0.40219.1
Project("{FAE04EC0-301F-11D3-BF4B-00C04F79EFBC}") = "Lab1_profa", "Lab1_profa\Lab1_profa.csproj", "{558B99AF-C68E-4A24-884D-167C781C013B}"
EndProject
Global
	GlobalSection(SolutionConfigurationPlatforms) = preSolution
		Debug|Any CPU = Debug|Any CPU
		Release|Any CPU = Release|Any CPU
	EndGlobalSection
	GlobalSection(ProjectConfigurationPlatforms) = postSolution
		{558B99AF-C68E-4A24-884D-167C781C013B}.Debug|Any CPU.ActiveCfg = Debug|Any CPU
		{558B99AF-C68E-4A24-884D-167C781C013B}.Debug|Any CPU.Build.0 = Debug|Any CPU
		{558B99AF-C68E-4A24-884D-167C781C013B}.Release|Any CPU.ActiveCfg = Release|Any CPU
		{558B99AF-C68E-4A24-884D-167C781C013B}.Release|Any CPU.Build.0 = Release|Any CPU
	EndGlobalSection
	GlobalSection(SolutionProperties) = preSolution
		HideSolutionNode = FALSE
	EndGlobalSection
	GlobalSection(ExtensibilityGlobals) = postSolution
		SolutionGuid = {80E8655F-56FE-4B01-9589-5ECB1B4DAE6C}
	EndGlobalSection
EndGlobal
