
Microsoft Visual Studio Solution File, Format Version 12.00
# Visual Studio 15
VisualStudioVersion = 15.0.28307.421
MinimumVisualStudioVersion = 10.0.40219.1
Project("{FAE04EC0-301F-11D3-BF4B-00C04F79EFBC}") = "Lab1_CRUD_2Tables", "Lab1_CRUD_2Tables\Lab1_CRUD_2Tables.csproj", "{1DDFB759-E092-4C1C-AA44-5DCFC634AD41}"
EndProject
Global
	GlobalSection(SolutionConfigurationPlatforms) = preSolution
		Debug|Any CPU = Debug|Any CPU
		Release|Any CPU = Release|Any CPU
	EndGlobalSection
	GlobalSection(ProjectConfigurationPlatforms) = postSolution
		{1DDFB759-E092-4C1C-AA44-5DCFC634AD41}.Debug|Any CPU.ActiveCfg = Debug|Any CPU
		{1DDFB759-E092-4C1C-AA44-5DCFC634AD41}.Debug|Any CPU.Build.0 = Debug|Any CPU
		{1DDFB759-E092-4C1C-AA44-5DCFC634AD41}.Release|Any CPU.ActiveCfg = Release|Any CPU
		{1DDFB759-E092-4C1C-AA44-5DCFC634AD41}.Release|Any CPU.Build.0 = Release|Any CPU
	EndGlobalSection
	GlobalSection(SolutionProperties) = preSolution
		HideSolutionNode = FALSE
	EndGlobalSection
	GlobalSection(ExtensibilityGlobals) = postSolution
		SolutionGuid = {4446AAEE-321B-4DD2-9EEA-F306E2CAA7F9}
	EndGlobalSection
EndGlobal
