
Microsoft Visual Studio Solution File, Format Version 12.00
Project("{FAE04EC0-301F-11D3-BF4B-00C04F79EFBC}") = "asynk_Tasks", "asynk_Tasks\asynk_Tasks.csproj", "{B814934F-B1AC-4E89-8E60-29B4B76EDF1A}"
EndProject
Global
	GlobalSection(SolutionConfigurationPlatforms) = preSolution
		Debug|Any CPU = Debug|Any CPU
		Release|Any CPU = Release|Any CPU
	EndGlobalSection
	GlobalSection(ProjectConfigurationPlatforms) = postSolution
		{B814934F-B1AC-4E89-8E60-29B4B76EDF1A}.Debug|Any CPU.ActiveCfg = Debug|Any CPU
		{B814934F-B1AC-4E89-8E60-29B4B76EDF1A}.Debug|Any CPU.Build.0 = Debug|Any CPU
		{B814934F-B1AC-4E89-8E60-29B4B76EDF1A}.Release|Any CPU.ActiveCfg = Release|Any CPU
		{B814934F-B1AC-4E89-8E60-29B4B76EDF1A}.Release|Any CPU.Build.0 = Release|Any CPU
	EndGlobalSection
EndGlobal
