
Microsoft Visual Studio Solution File, Format Version 12.00
Project("{FAE04EC0-301F-11D3-BF4B-00C04F79EFBC}") = "StudentsManagementApp", "StudentsManagementApp\StudentsManagementApp.csproj", "{37EFF975-E07D-4245-96AF-E467FF2D544A}"
EndProject
Project("{FAE04EC0-301F-11D3-BF4B-00C04F79EFBC}") = "StudentsManagementApp.Tests", "StudentsManagementApp.Tests\StudentsManagementApp.Tests.csproj", "{209190D9-4788-43E7-84EB-1B876C928BB5}"
EndProject
Global
	GlobalSection(SolutionConfigurationPlatforms) = preSolution
		Debug|Any CPU = Debug|Any CPU
		Release|Any CPU = Release|Any CPU
	EndGlobalSection
	GlobalSection(ProjectConfigurationPlatforms) = postSolution
		{37EFF975-E07D-4245-96AF-E467FF2D544A}.Debug|Any CPU.ActiveCfg = Debug|Any CPU
		{37EFF975-E07D-4245-96AF-E467FF2D544A}.Debug|Any CPU.Build.0 = Debug|Any CPU
		{37EFF975-E07D-4245-96AF-E467FF2D544A}.Release|Any CPU.ActiveCfg = Release|Any CPU
		{37EFF975-E07D-4245-96AF-E467FF2D544A}.Release|Any CPU.Build.0 = Release|Any CPU
		{209190D9-4788-43E7-84EB-1B876C928BB5}.Debug|Any CPU.ActiveCfg = Debug|Any CPU
		{209190D9-4788-43E7-84EB-1B876C928BB5}.Debug|Any CPU.Build.0 = Debug|Any CPU
		{209190D9-4788-43E7-84EB-1B876C928BB5}.Release|Any CPU.ActiveCfg = Release|Any CPU
		{209190D9-4788-43E7-84EB-1B876C928BB5}.Release|Any CPU.Build.0 = Release|Any CPU
	EndGlobalSection
EndGlobal
